
Microsoft Visual Studio Solution File, Format Version 12.00
# Visual Studio Version 16
VisualStudioVersion = 16.0.29920.165
MinimumVisualStudioVersion = 10.0.40219.1
Project("{FAE04EC0-301F-11D3-BF4B-00C04F79EFBC}") = "Cloaks+", "Cloaks\Cloaks+.csproj", "{D213B20A-FFC8-4DFC-881E-CFC84FC95AD5}"
EndProject
Global
	GlobalSection(SolutionConfigurationPlatforms) = preSolution
		Debug|Any CPU = Debug|Any CPU
		Release|Any CPU = Release|Any CPU
	EndGlobalSection
	GlobalSection(ProjectConfigurationPlatforms) = postSolution
		{D213B20A-FFC8-4DFC-881E-CFC84FC95AD5}.Debug|Any CPU.ActiveCfg = Debug|Any CPU
		{D213B20A-FFC8-4DFC-881E-CFC84FC95AD5}.Debug|Any CPU.Build.0 = Debug|Any CPU
		{D213B20A-FFC8-4DFC-881E-CFC84FC95AD5}.Release|Any CPU.ActiveCfg = Release|Any CPU
		{D213B20A-FFC8-4DFC-881E-CFC84FC95AD5}.Release|Any CPU.Build.0 = Release|Any CPU
	EndGlobalSection
	GlobalSection(SolutionProperties) = preSolution
		HideSolutionNode = FALSE
	EndGlobalSection
	GlobalSection(ExtensibilityGlobals) = postSolution
		SolutionGuid = {CAC41810-A7E8-48FF-AD80-1430277AE7DD}
	EndGlobalSection
EndGlobal
